
Microsoft Visual Studio Solution File, Format Version 12.00
# Visual Studio Version 17
VisualStudioVersion = 17.11.35303.130
MinimumVisualStudioVersion = 10.0.40219.1
Project("{FAE04EC0-301F-11D3-BF4B-00C04F79EFBC}") = "SkyWarriorsClashofTitans", "SkyWarriorsClashofTitans.csproj", "{AB6BF83D-C628-465A-83C8-D26C65463609}"
EndProject
Global
	GlobalSection(SolutionConfigurationPlatforms) = preSolution
		Debug|Any CPU = Debug|Any CPU
		Release|Any CPU = Release|Any CPU
	EndGlobalSection
	GlobalSection(ProjectConfigurationPlatforms) = postSolution
		{AB6BF83D-C628-465A-83C8-D26C65463609}.Debug|Any CPU.ActiveCfg = Debug|Any CPU
		{AB6BF83D-C628-465A-83C8-D26C65463609}.Debug|Any CPU.Build.0 = Debug|Any CPU
		{AB6BF83D-C628-465A-83C8-D26C65463609}.Release|Any CPU.ActiveCfg = Release|Any CPU
		{AB6BF83D-C628-465A-83C8-D26C65463609}.Release|Any CPU.Build.0 = Release|Any CPU
	EndGlobalSection
	GlobalSection(SolutionProperties) = preSolution
		HideSolutionNode = FALSE
	EndGlobalSection
	GlobalSection(ExtensibilityGlobals) = postSolution
		SolutionGuid = {DD1D6E39-1E24-4B31-AF8C-66F17C09C0A0}
	EndGlobalSection
EndGlobal
